# This file is automatically @generated by Cargo.
# It is not intended for manual editing.
[[package]]
name = "binary_utils"
version = "0.1.2"
source = "git+https://github.com/NetrexMC/BinaryUtil?branch=master#909ffa62d849f893b562cbf1a8831fa4497288e3"

[[package]]
name = "mcpe_protocol"
version = "0.1.0"
dependencies = [
 "binary_utils",
]
