# This file is automatically @generated by Cargo.
# It is not intended for manual editing.
[[package]]
name = "binary_utils"
version = "0.1.2"
source = "git+https://github.com/NetrexMC/BinaryUtil?branch=master#bb14e0cef831bb89467b7b5e9ba499984cc4e47b"

[[package]]
name = "mcpe_protocol"
version = "0.1.0"
dependencies = [
 "binary_utils",
]
